
Microsoft Visual Studio Solution File, Format Version 12.00
# Visual Studio Version 17
VisualStudioVersion = 17.5.33424.131
MinimumVisualStudioVersion = 10.0.40219.1
Project("{FAE04EC0-301F-11D3-BF4B-00C04F79EFBC}") = "MatrizSomaCaminhos", "MatrizSomaCaminhos\MatrizSomaCaminhos.csproj", "{B492BBA9-ED47-430D-A224-2264E2C5EBE9}"
EndProject
Global
	GlobalSection(SolutionConfigurationPlatforms) = preSolution
		Debug|Any CPU = Debug|Any CPU
		Release|Any CPU = Release|Any CPU
	EndGlobalSection
	GlobalSection(ProjectConfigurationPlatforms) = postSolution
		{B492BBA9-ED47-430D-A224-2264E2C5EBE9}.Debug|Any CPU.ActiveCfg = Debug|Any CPU
		{B492BBA9-ED47-430D-A224-2264E2C5EBE9}.Debug|Any CPU.Build.0 = Debug|Any CPU
		{B492BBA9-ED47-430D-A224-2264E2C5EBE9}.Release|Any CPU.ActiveCfg = Release|Any CPU
		{B492BBA9-ED47-430D-A224-2264E2C5EBE9}.Release|Any CPU.Build.0 = Release|Any CPU
	EndGlobalSection
	GlobalSection(SolutionProperties) = preSolution
		HideSolutionNode = FALSE
	EndGlobalSection
	GlobalSection(ExtensibilityGlobals) = postSolution
		SolutionGuid = {ABC10CD9-431C-4E7D-A603-990E63373E28}
	EndGlobalSection
EndGlobal
